// !$*UTF8*$!
{
	archiveVersion = 1;
	classes = {
	};
	objectVersion = 50;
	objects = {

/* Begin PBXBuildFile section */
		504AFB3123E11F7C00CAFB84 /* GFButton.swift in Sources */ = {isa = PBXBuildFile; fileRef = 504AFB3023E11F7C00CAFB84 /* GFButton.swift */; };
		504AFB3323E1244000CAFB84 /* GFTextField.swift in Sources */ = {isa = PBXBuildFile; fileRef = 504AFB3223E1244000CAFB84 /* GFTextField.swift */; };
		504AFB3523E1E10F00CAFB84 /* FollowerListVC.swift in Sources */ = {isa = PBXBuildFile; fileRef = 504AFB3423E1E10F00CAFB84 /* FollowerListVC.swift */; };
		5065429023DF5BE100EB9C7E /* AppDelegate.swift in Sources */ = {isa = PBXBuildFile; fileRef = 5065428F23DF5BE100EB9C7E /* AppDelegate.swift */; };
		5065429223DF5BE100EB9C7E /* SceneDelegate.swift in Sources */ = {isa = PBXBuildFile; fileRef = 5065429123DF5BE100EB9C7E /* SceneDelegate.swift */; };
		5065429923DF5BE300EB9C7E /* Assets.xcassets in Resources */ = {isa = PBXBuildFile; fileRef = 5065429823DF5BE300EB9C7E /* Assets.xcassets */; };
		5065429C23DF5BE300EB9C7E /* LaunchScreen.storyboard in Resources */ = {isa = PBXBuildFile; fileRef = 5065429A23DF5BE300EB9C7E /* LaunchScreen.storyboard */; };
		506542A423E05DD300EB9C7E /* SearchVC.swift in Sources */ = {isa = PBXBuildFile; fileRef = 506542A323E05DD300EB9C7E /* SearchVC.swift */; };
		506542A623E05E0500EB9C7E /* FavouritesVC.swift in Sources */ = {isa = PBXBuildFile; fileRef = 506542A523E05E0500EB9C7E /* FavouritesVC.swift */; };
		5095B00123E277DF00A2D276 /* GFTitleLabel.swift in Sources */ = {isa = PBXBuildFile; fileRef = 5095B00023E277DF00A2D276 /* GFTitleLabel.swift */; };
		5095B00323E2795300A2D276 /* GFBodyLabel.swift in Sources */ = {isa = PBXBuildFile; fileRef = 5095B00223E2795300A2D276 /* GFBodyLabel.swift */; };
		5095B00523E27A1300A2D276 /* GFAlertVC.swift in Sources */ = {isa = PBXBuildFile; fileRef = 5095B00423E27A1300A2D276 /* GFAlertVC.swift */; };
		5095B00723E3162800A2D276 /* UIViewController+Ext.swift in Sources */ = {isa = PBXBuildFile; fileRef = 5095B00623E3162800A2D276 /* UIViewController+Ext.swift */; };
		5095B00E23E32FEB00A2D276 /* Follower.swift in Sources */ = {isa = PBXBuildFile; fileRef = 5095B00D23E32FEB00A2D276 /* Follower.swift */; };
		5095B01023E3314300A2D276 /* User.swift in Sources */ = {isa = PBXBuildFile; fileRef = 5095B00F23E3314300A2D276 /* User.swift */; };
		5095B01323E3380500A2D276 /* NetworkManager.swift in Sources */ = {isa = PBXBuildFile; fileRef = 5095B01223E3380500A2D276 /* NetworkManager.swift */; };
		5095B01623E3676100A2D276 /* ErrorMessage.swift in Sources */ = {isa = PBXBuildFile; fileRef = 5095B01523E3676100A2D276 /* ErrorMessage.swift */; };
		5095B01823E36BA000A2D276 /* Result.swift in Sources */ = {isa = PBXBuildFile; fileRef = 5095B01723E36BA000A2D276 /* Result.swift */; };
/* End PBXBuildFile section */

/* Begin PBXFileReference section */
		504AFB3023E11F7C00CAFB84 /* GFButton.swift */ = {isa = PBXFileReference; lastKnownFileType = sourcecode.swift; path = GFButton.swift; sourceTree = "<group>"; };
		504AFB3223E1244000CAFB84 /* GFTextField.swift */ = {isa = PBXFileReference; lastKnownFileType = sourcecode.swift; path = GFTextField.swift; sourceTree = "<group>"; };
		504AFB3423E1E10F00CAFB84 /* FollowerListVC.swift */ = {isa = PBXFileReference; lastKnownFileType = sourcecode.swift; path = FollowerListVC.swift; sourceTree = "<group>"; };
		5065428C23DF5BE100EB9C7E /* GitHubFollowers.app */ = {isa = PBXFileReference; explicitFileType = wrapper.application; includeInIndex = 0; path = GitHubFollowers.app; sourceTree = BUILT_PRODUCTS_DIR; };
		5065428F23DF5BE100EB9C7E /* AppDelegate.swift */ = {isa = PBXFileReference; lastKnownFileType = sourcecode.swift; path = AppDelegate.swift; sourceTree = "<group>"; };
		5065429123DF5BE100EB9C7E /* SceneDelegate.swift */ = {isa = PBXFileReference; lastKnownFileType = sourcecode.swift; path = SceneDelegate.swift; sourceTree = "<group>"; };
		5065429823DF5BE300EB9C7E /* Assets.xcassets */ = {isa = PBXFileReference; lastKnownFileType = folder.assetcatalog; path = Assets.xcassets; sourceTree = "<group>"; };
		5065429B23DF5BE300EB9C7E /* Base */ = {isa = PBXFileReference; lastKnownFileType = file.storyboard; name = Base; path = Base.lproj/LaunchScreen.storyboard; sourceTree = "<group>"; };
		5065429D23DF5BE300EB9C7E /* Info.plist */ = {isa = PBXFileReference; lastKnownFileType = text.plist.xml; path = Info.plist; sourceTree = "<group>"; };
		506542A323E05DD300EB9C7E /* SearchVC.swift */ = {isa = PBXFileReference; lastKnownFileType = sourcecode.swift; path = SearchVC.swift; sourceTree = "<group>"; };
		506542A523E05E0500EB9C7E /* FavouritesVC.swift */ = {isa = PBXFileReference; lastKnownFileType = sourcecode.swift; path = FavouritesVC.swift; sourceTree = "<group>"; };
		5095B00023E277DF00A2D276 /* GFTitleLabel.swift */ = {isa = PBXFileReference; lastKnownFileType = sourcecode.swift; path = GFTitleLabel.swift; sourceTree = "<group>"; };
		5095B00223E2795300A2D276 /* GFBodyLabel.swift */ = {isa = PBXFileReference; lastKnownFileType = sourcecode.swift; path = GFBodyLabel.swift; sourceTree = "<group>"; };
		5095B00423E27A1300A2D276 /* GFAlertVC.swift */ = {isa = PBXFileReference; lastKnownFileType = sourcecode.swift; path = GFAlertVC.swift; sourceTree = "<group>"; };
		5095B00623E3162800A2D276 /* UIViewController+Ext.swift */ = {isa = PBXFileReference; lastKnownFileType = sourcecode.swift; path = "UIViewController+Ext.swift"; sourceTree = "<group>"; };
		5095B00D23E32FEB00A2D276 /* Follower.swift */ = {isa = PBXFileReference; lastKnownFileType = sourcecode.swift; path = Follower.swift; sourceTree = "<group>"; };
		5095B00F23E3314300A2D276 /* User.swift */ = {isa = PBXFileReference; lastKnownFileType = sourcecode.swift; path = User.swift; sourceTree = "<group>"; };
		5095B01223E3380500A2D276 /* NetworkManager.swift */ = {isa = PBXFileReference; lastKnownFileType = sourcecode.swift; path = NetworkManager.swift; sourceTree = "<group>"; };
		5095B01523E3676100A2D276 /* ErrorMessage.swift */ = {isa = PBXFileReference; lastKnownFileType = sourcecode.swift; path = ErrorMessage.swift; sourceTree = "<group>"; };
		5095B01723E36BA000A2D276 /* Result.swift */ = {isa = PBXFileReference; lastKnownFileType = sourcecode.swift; path = Result.swift; sourceTree = "<group>"; };
/* End PBXFileReference section */

/* Begin PBXFrameworksBuildPhase section */
		5065428923DF5BE100EB9C7E /* Frameworks */ = {
			isa = PBXFrameworksBuildPhase;
			buildActionMask = 2147483647;
			files = (
			);
			runOnlyForDeploymentPostprocessing = 0;
		};
/* End PBXFrameworksBuildPhase section */

/* Begin PBXGroup section */
		5065428323DF5BE000EB9C7E = {
			isa = PBXGroup;
			children = (
				5065428E23DF5BE100EB9C7E /* GitHubFollowers */,
				5065428D23DF5BE100EB9C7E /* Products */,
			);
			sourceTree = "<group>";
		};
		5065428D23DF5BE100EB9C7E /* Products */ = {
			isa = PBXGroup;
			children = (
				5065428C23DF5BE100EB9C7E /* GitHubFollowers.app */,
			);
			name = Products;
			sourceTree = "<group>";
		};
		5065428E23DF5BE100EB9C7E /* GitHubFollowers */ = {
			isa = PBXGroup;
			children = (
				5095B01423E3675000A2D276 /* Utilities */,
				5095B01123E337F200A2D276 /* Managers */,
				5095B00C23E32FDE00A2D276 /* Model */,
				5095B00823E31CDE00A2D276 /* Controllers */,
				5095B00923E31D2300A2D276 /* Custom Views */,
				5095B00A23E31D5600A2D276 /* Extensions */,
				5095B00B23E31F7200A2D276 /* Support */,
				5065429D23DF5BE300EB9C7E /* Info.plist */,
			);
			path = GitHubFollowers;
			sourceTree = "<group>";
		};
		5095B00823E31CDE00A2D276 /* Controllers */ = {
			isa = PBXGroup;
			children = (
				506542A323E05DD300EB9C7E /* SearchVC.swift */,
				506542A523E05E0500EB9C7E /* FavouritesVC.swift */,
				504AFB3423E1E10F00CAFB84 /* FollowerListVC.swift */,
			);
			path = Controllers;
			sourceTree = "<group>";
		};
		5095B00923E31D2300A2D276 /* Custom Views */ = {
			isa = PBXGroup;
			children = (
				5095B00423E27A1300A2D276 /* GFAlertVC.swift */,
				504AFB3023E11F7C00CAFB84 /* GFButton.swift */,
				504AFB3223E1244000CAFB84 /* GFTextField.swift */,
				5095B00023E277DF00A2D276 /* GFTitleLabel.swift */,
				5095B00223E2795300A2D276 /* GFBodyLabel.swift */,
			);
			path = "Custom Views";
			sourceTree = "<group>";
		};
		5095B00A23E31D5600A2D276 /* Extensions */ = {
			isa = PBXGroup;
			children = (
				5095B00623E3162800A2D276 /* UIViewController+Ext.swift */,
			);
			path = Extensions;
			sourceTree = "<group>";
		};
		5095B00B23E31F7200A2D276 /* Support */ = {
			isa = PBXGroup;
			children = (
				5065428F23DF5BE100EB9C7E /* AppDelegate.swift */,
				5065429123DF5BE100EB9C7E /* SceneDelegate.swift */,
				5065429823DF5BE300EB9C7E /* Assets.xcassets */,
				5065429A23DF5BE300EB9C7E /* LaunchScreen.storyboard */,
			);
			path = Support;
			sourceTree = "<group>";
		};
		5095B00C23E32FDE00A2D276 /* Model */ = {
			isa = PBXGroup;
			children = (
				5095B00D23E32FEB00A2D276 /* Follower.swift */,
				5095B00F23E3314300A2D276 /* User.swift */,
			);
			path = Model;
			sourceTree = "<group>";
		};
		5095B01123E337F200A2D276 /* Managers */ = {
			isa = PBXGroup;
			children = (
				5095B01223E3380500A2D276 /* NetworkManager.swift */,
			);
			path = Managers;
			sourceTree = "<group>";
		};
		5095B01423E3675000A2D276 /* Utilities */ = {
			isa = PBXGroup;
			children = (
				5095B01523E3676100A2D276 /* ErrorMessage.swift */,
				5095B01723E36BA000A2D276 /* Result.swift */,
			);
			path = Utilities;
			sourceTree = "<group>";
		};
/* End PBXGroup section */

/* Begin PBXNativeTarget section */
		5065428B23DF5BE100EB9C7E /* GitHubFollowers */ = {
			isa = PBXNativeTarget;
			buildConfigurationList = 506542A023DF5BE300EB9C7E /* Build configuration list for PBXNativeTarget "GitHubFollowers" */;
			buildPhases = (
				5065428823DF5BE100EB9C7E /* Sources */,
				5065428923DF5BE100EB9C7E /* Frameworks */,
				5065428A23DF5BE100EB9C7E /* Resources */,
			);
			buildRules = (
			);
			dependencies = (
			);
			name = GitHubFollowers;
			productName = GitHubFollowers;
			productReference = 5065428C23DF5BE100EB9C7E /* GitHubFollowers.app */;
			productType = "com.apple.product-type.application";
		};
/* End PBXNativeTarget section */

/* Begin PBXProject section */
		5065428423DF5BE000EB9C7E /* Project object */ = {
			isa = PBXProject;
			attributes = {
				LastSwiftUpdateCheck = 1110;
				LastUpgradeCheck = 1110;
				ORGANIZATIONNAME = "Yagub Shukurov";
				TargetAttributes = {
					5065428B23DF5BE100EB9C7E = {
						CreatedOnToolsVersion = 11.1;
					};
				};
			};
			buildConfigurationList = 5065428723DF5BE000EB9C7E /* Build configuration list for PBXProject "GitHubFollowers" */;
			compatibilityVersion = "Xcode 9.3";
			developmentRegion = en;
			hasScannedForEncodings = 0;
			knownRegions = (
				en,
				Base,
			);
			mainGroup = 5065428323DF5BE000EB9C7E;
			productRefGroup = 5065428D23DF5BE100EB9C7E /* Products */;
			projectDirPath = "";
			projectRoot = "";
			targets = (
				5065428B23DF5BE100EB9C7E /* GitHubFollowers */,
			);
		};
/* End PBXProject section */

/* Begin PBXResourcesBuildPhase section */
		5065428A23DF5BE100EB9C7E /* Resources */ = {
			isa = PBXResourcesBuildPhase;
			buildActionMask = 2147483647;
			files = (
				5065429C23DF5BE300EB9C7E /* LaunchScreen.storyboard in Resources */,
				5065429923DF5BE300EB9C7E /* Assets.xcassets in Resources */,
			);
			runOnlyForDeploymentPostprocessing = 0;
		};
/* End PBXResourcesBuildPhase section */

/* Begin PBXSourcesBuildPhase section */
		5065428823DF5BE100EB9C7E /* Sources */ = {
			isa = PBXSourcesBuildPhase;
			buildActionMask = 2147483647;
			files = (
				5095B01023E3314300A2D276 /* User.swift in Sources */,
				506542A423E05DD300EB9C7E /* SearchVC.swift in Sources */,
				506542A623E05E0500EB9C7E /* FavouritesVC.swift in Sources */,
				5095B00723E3162800A2D276 /* UIViewController+Ext.swift in Sources */,
				504AFB3123E11F7C00CAFB84 /* GFButton.swift in Sources */,
				5065429023DF5BE100EB9C7E /* AppDelegate.swift in Sources */,
				5095B01823E36BA000A2D276 /* Result.swift in Sources */,
				5095B00523E27A1300A2D276 /* GFAlertVC.swift in Sources */,
				5095B01623E3676100A2D276 /* ErrorMessage.swift in Sources */,
				5065429223DF5BE100EB9C7E /* SceneDelegate.swift in Sources */,
				5095B00E23E32FEB00A2D276 /* Follower.swift in Sources */,
				5095B00123E277DF00A2D276 /* GFTitleLabel.swift in Sources */,
				5095B01323E3380500A2D276 /* NetworkManager.swift in Sources */,
				504AFB3523E1E10F00CAFB84 /* FollowerListVC.swift in Sources */,
				504AFB3323E1244000CAFB84 /* GFTextField.swift in Sources */,
				5095B00323E2795300A2D276 /* GFBodyLabel.swift in Sources */,
			);
			runOnlyForDeploymentPostprocessing = 0;
		};
/* End PBXSourcesBuildPhase section */

/* Begin PBXVariantGroup section */
		5065429A23DF5BE300EB9C7E /* LaunchScreen.storyboard */ = {
			isa = PBXVariantGroup;
			children = (
				5065429B23DF5BE300EB9C7E /* Base */,
			);
			name = LaunchScreen.storyboard;
			sourceTree = "<group>";
		};
/* End PBXVariantGroup section */

/* Begin XCBuildConfiguration section */
		5065429E23DF5BE300EB9C7E /* Debug */ = {
			isa = XCBuildConfiguration;
			buildSettings = {
				ALWAYS_SEARCH_USER_PATHS = NO;
				CLANG_ANALYZER_NONNULL = YES;
				CLANG_ANALYZER_NUMBER_OBJECT_CONVERSION = YES_AGGRESSIVE;
				CLANG_CXX_LANGUAGE_STANDARD = "gnu++14";
				CLANG_CXX_LIBRARY = "libc++";
				CLANG_ENABLE_MODULES = YES;
				CLANG_ENABLE_OBJC_ARC = YES;
				CLANG_ENABLE_OBJC_WEAK = YES;
				CLANG_WARN_BLOCK_CAPTURE_AUTORELEASING = YES;
				CLANG_WARN_BOOL_CONVERSION = YES;
				CLANG_WARN_COMMA = YES;
				CLANG_WARN_CONSTANT_CONVERSION = YES;
				CLANG_WARN_DEPRECATED_OBJC_IMPLEMENTATIONS = YES;
				CLANG_WARN_DIRECT_OBJC_ISA_USAGE = YES_ERROR;
				CLANG_WARN_DOCUMENTATION_COMMENTS = YES;
				CLANG_WARN_EMPTY_BODY = YES;
				CLANG_WARN_ENUM_CONVERSION = YES;
				CLANG_WARN_INFINITE_RECURSION = YES;
				CLANG_WARN_INT_CONVERSION = YES;
				CLANG_WARN_NON_LITERAL_NULL_CONVERSION = YES;
				CLANG_WARN_OBJC_IMPLICIT_RETAIN_SELF = YES;
				CLANG_WARN_OBJC_LITERAL_CONVERSION = YES;
				CLANG_WARN_OBJC_ROOT_CLASS = YES_ERROR;
				CLANG_WARN_RANGE_LOOP_ANALYSIS = YES;
				CLANG_WARN_STRICT_PROTOTYPES = YES;
				CLANG_WARN_SUSPICIOUS_MOVE = YES;
				CLANG_WARN_UNGUARDED_AVAILABILITY = YES_AGGRESSIVE;
				CLANG_WARN_UNREACHABLE_CODE = YES;
				CLANG_WARN__DUPLICATE_METHOD_MATCH = YES;
				COPY_PHASE_STRIP = NO;
				DEBUG_INFORMATION_FORMAT = dwarf;
				ENABLE_STRICT_OBJC_MSGSEND = YES;
				ENABLE_TESTABILITY = YES;
				GCC_C_LANGUAGE_STANDARD = gnu11;
				GCC_DYNAMIC_NO_PIC = NO;
				GCC_NO_COMMON_BLOCKS = YES;
				GCC_OPTIMIZATION_LEVEL = 0;
				GCC_PREPROCESSOR_DEFINITIONS = (
					"DEBUG=1",
					"$(inherited)",
				);
				GCC_WARN_64_TO_32_BIT_CONVERSION = YES;
				GCC_WARN_ABOUT_RETURN_TYPE = YES_ERROR;
				GCC_WARN_UNDECLARED_SELECTOR = YES;
				GCC_WARN_UNINITIALIZED_AUTOS = YES_AGGRESSIVE;
				GCC_WARN_UNUSED_FUNCTION = YES;
				GCC_WARN_UNUSED_VARIABLE = YES;
				IPHONEOS_DEPLOYMENT_TARGET = 13.1;
				MTL_ENABLE_DEBUG_INFO = INCLUDE_SOURCE;
				MTL_FAST_MATH = YES;
				ONLY_ACTIVE_ARCH = YES;
				SDKROOT = iphoneos;
				SWIFT_ACTIVE_COMPILATION_CONDITIONS = DEBUG;
				SWIFT_OPTIMIZATION_LEVEL = "-Onone";
			};
			name = Debug;
		};
		5065429F23DF5BE300EB9C7E /* Release */ = {
			isa = XCBuildConfiguration;
			buildSettings = {
				ALWAYS_SEARCH_USER_PATHS = NO;
				CLANG_ANALYZER_NONNULL = YES;
				CLANG_ANALYZER_NUMBER_OBJECT_CONVERSION = YES_AGGRESSIVE;
				CLANG_CXX_LANGUAGE_STANDARD = "gnu++14";
				CLANG_CXX_LIBRARY = "libc++";
				CLANG_ENABLE_MODULES = YES;
				CLANG_ENABLE_OBJC_ARC = YES;
				CLANG_ENABLE_OBJC_WEAK = YES;
				CLANG_WARN_BLOCK_CAPTURE_AUTORELEASING = YES;
				CLANG_WARN_BOOL_CONVERSION = YES;
				CLANG_WARN_COMMA = YES;
				CLANG_WARN_CONSTANT_CONVERSION = YES;
				CLANG_WARN_DEPRECATED_OBJC_IMPLEMENTATIONS = YES;
				CLANG_WARN_DIRECT_OBJC_ISA_USAGE = YES_ERROR;
				CLANG_WARN_DOCUMENTATION_COMMENTS = YES;
				CLANG_WARN_EMPTY_BODY = YES;
				CLANG_WARN_ENUM_CONVERSION = YES;
				CLANG_WARN_INFINITE_RECURSION = YES;
				CLANG_WARN_INT_CONVERSION = YES;
				CLANG_WARN_NON_LITERAL_NULL_CONVERSION = YES;
				CLANG_WARN_OBJC_IMPLICIT_RETAIN_SELF = YES;
				CLANG_WARN_OBJC_LITERAL_CONVERSION = YES;
				CLANG_WARN_OBJC_ROOT_CLASS = YES_ERROR;
				CLANG_WARN_RANGE_LOOP_ANALYSIS = YES;
				CLANG_WARN_STRICT_PROTOTYPES = YES;
				CLANG_WARN_SUSPICIOUS_MOVE = YES;
				CLANG_WARN_UNGUARDED_AVAILABILITY = YES_AGGRESSIVE;
				CLANG_WARN_UNREACHABLE_CODE = YES;
				CLANG_WARN__DUPLICATE_METHOD_MATCH = YES;
				COPY_PHASE_STRIP = NO;
				DEBUG_INFORMATION_FORMAT = "dwarf-with-dsym";
				ENABLE_NS_ASSERTIONS = NO;
				ENABLE_STRICT_OBJC_MSGSEND = YES;
				GCC_C_LANGUAGE_STANDARD = gnu11;
				GCC_NO_COMMON_BLOCKS = YES;
				GCC_WARN_64_TO_32_BIT_CONVERSION = YES;
				GCC_WARN_ABOUT_RETURN_TYPE = YES_ERROR;
				GCC_WARN_UNDECLARED_SELECTOR = YES;
				GCC_WARN_UNINITIALIZED_AUTOS = YES_AGGRESSIVE;
				GCC_WARN_UNUSED_FUNCTION = YES;
				GCC_WARN_UNUSED_VARIABLE = YES;
				IPHONEOS_DEPLOYMENT_TARGET = 13.1;
				MTL_ENABLE_DEBUG_INFO = NO;
				MTL_FAST_MATH = YES;
				SDKROOT = iphoneos;
				SWIFT_COMPILATION_MODE = wholemodule;
				SWIFT_OPTIMIZATION_LEVEL = "-O";
				VALIDATE_PRODUCT = YES;
			};
			name = Release;
		};
		506542A123DF5BE300EB9C7E /* Debug */ = {
			isa = XCBuildConfiguration;
			buildSettings = {
				ASSETCATALOG_COMPILER_APPICON_NAME = AppIcon;
				CODE_SIGN_STYLE = Automatic;
				DEVELOPMENT_TEAM = 6R29QN3TTJ;
				INFOPLIST_FILE = GitHubFollowers/Info.plist;
				LD_RUNPATH_SEARCH_PATHS = (
					"$(inherited)",
					"@executable_path/Frameworks",
				);
				PRODUCT_BUNDLE_IDENTIFIER = yagub.GitHubFollowers;
				PRODUCT_NAME = "$(TARGET_NAME)";
				SWIFT_VERSION = 5.0;
				TARGETED_DEVICE_FAMILY = 1;
			};
			name = Debug;
		};
		506542A223DF5BE300EB9C7E /* Release */ = {
			isa = XCBuildConfiguration;
			buildSettings = {
				ASSETCATALOG_COMPILER_APPICON_NAME = AppIcon;
				CODE_SIGN_STYLE = Automatic;
				DEVELOPMENT_TEAM = 6R29QN3TTJ;
				INFOPLIST_FILE = GitHubFollowers/Info.plist;
				LD_RUNPATH_SEARCH_PATHS = (
					"$(inherited)",
					"@executable_path/Frameworks",
				);
				PRODUCT_BUNDLE_IDENTIFIER = yagub.GitHubFollowers;
				PRODUCT_NAME = "$(TARGET_NAME)";
				SWIFT_VERSION = 5.0;
				TARGETED_DEVICE_FAMILY = 1;
			};
			name = Release;
		};
/* End XCBuildConfiguration section */

/* Begin XCConfigurationList section */
		5065428723DF5BE000EB9C7E /* Build configuration list for PBXProject "GitHubFollowers" */ = {
			isa = XCConfigurationList;
			buildConfigurations = (
				5065429E23DF5BE300EB9C7E /* Debug */,
				5065429F23DF5BE300EB9C7E /* Release */,
			);
			defaultConfigurationIsVisible = 0;
			defaultConfigurationName = Release;
		};
		506542A023DF5BE300EB9C7E /* Build configuration list for PBXNativeTarget "GitHubFollowers" */ = {
			isa = XCConfigurationList;
			buildConfigurations = (
				506542A123DF5BE300EB9C7E /* Debug */,
				506542A223DF5BE300EB9C7E /* Release */,
			);
			defaultConfigurationIsVisible = 0;
			defaultConfigurationName = Release;
		};
/* End XCConfigurationList section */
	};
	rootObject = 5065428423DF5BE000EB9C7E /* Project object */;
}
